
Microsoft Visual Studio Solution File, Format Version 12.00
# Visual Studio 14
VisualStudioVersion = 14.0.25420.1
MinimumVisualStudioVersion = 10.0.40219.1
Project("{FAE04EC0-301F-11D3-BF4B-00C04F79EFBC}") = "DStest", "DStest\DStest.csproj", "{FBE9131F-24AC-4E92-B2E8-4A94D8771A50}"
EndProject
Global
	GlobalSection(SolutionConfigurationPlatforms) = preSolution
		Debug|Any CPU = Debug|Any CPU
		Release|Any CPU = Release|Any CPU
	EndGlobalSection
	GlobalSection(ProjectConfigurationPlatforms) = postSolution
		{FBE9131F-24AC-4E92-B2E8-4A94D8771A50}.Debug|Any CPU.ActiveCfg = Debug|Any CPU
		{FBE9131F-24AC-4E92-B2E8-4A94D8771A50}.Debug|Any CPU.Build.0 = Debug|Any CPU
		{FBE9131F-24AC-4E92-B2E8-4A94D8771A50}.Release|Any CPU.ActiveCfg = Release|Any CPU
		{FBE9131F-24AC-4E92-B2E8-4A94D8771A50}.Release|Any CPU.Build.0 = Release|Any CPU
	EndGlobalSection
	GlobalSection(SolutionProperties) = preSolution
		HideSolutionNode = FALSE
	EndGlobalSection
EndGlobal
